// !$*UTF8*$!
{
	archiveVersion = 1;
	classes = {
	};
	objectVersion = 50;
	objects = {

/* Begin PBXBuildFile section */
		CA1BD8F722E17DBF00896730 /* Multicolore.otf in Resources */ = {isa = PBXBuildFile; fileRef = CA1BD8F522E17DBF00896730 /* Multicolore.otf */; };
		CA1BD8F822E17DBF00896730 /* Multicolore-Vector-Font.txt in Resources */ = {isa = PBXBuildFile; fileRef = CA1BD8F622E17DBF00896730 /* Multicolore-Vector-Font.txt */; };
		CA1BD8FA22E1817600896730 /* collectionRoll.swift in Sources */ = {isa = PBXBuildFile; fileRef = CA1BD8F922E1817600896730 /* collectionRoll.swift */; };
		CA41F6D622E2D08E0045811D /* GameConstants.swift in Sources */ = {isa = PBXBuildFile; fileRef = CA41F6D522E2D08E0045811D /* GameConstants.swift */; };
		CA41F6D922E2D11B0045811D /* SpriteKitButton.swift in Sources */ = {isa = PBXBuildFile; fileRef = CA41F6D822E2D11B0045811D /* SpriteKitButton.swift */; };
		CA41F6DC22E2D2C10045811D /* SceneManagerDelegate.swift in Sources */ = {isa = PBXBuildFile; fileRef = CA41F6DB22E2D2C10045811D /* SceneManagerDelegate.swift */; };
		CA41F6E122E2D4BF0045811D /* OpeningClass.swift in Sources */ = {isa = PBXBuildFile; fileRef = CA41F6E022E2D4BF0045811D /* OpeningClass.swift */; };
		CA41F6E422E2F5380045811D /* SKNode+Extensions.swift in Sources */ = {isa = PBXBuildFile; fileRef = CA41F6E322E2F5380045811D /* SKNode+Extensions.swift */; };
		CA5ABFCE22E08FA900880644 /* AppDelegate.swift in Sources */ = {isa = PBXBuildFile; fileRef = CA5ABFCD22E08FA900880644 /* AppDelegate.swift */; };
		CA5ABFD422E08FA900880644 /* GameScene.swift in Sources */ = {isa = PBXBuildFile; fileRef = CA5ABFD322E08FA900880644 /* GameScene.swift */; };
		CA5ABFD622E08FA900880644 /* GameViewController.swift in Sources */ = {isa = PBXBuildFile; fileRef = CA5ABFD522E08FA900880644 /* GameViewController.swift */; };
		CA5ABFD922E08FA900880644 /* Main.storyboard in Resources */ = {isa = PBXBuildFile; fileRef = CA5ABFD722E08FA900880644 /* Main.storyboard */; };
		CA5ABFDB22E08FAA00880644 /* Assets.xcassets in Resources */ = {isa = PBXBuildFile; fileRef = CA5ABFDA22E08FAA00880644 /* Assets.xcassets */; };
		CA5ABFDE22E08FAA00880644 /* LaunchScreen.storyboard in Resources */ = {isa = PBXBuildFile; fileRef = CA5ABFDC22E08FAA00880644 /* LaunchScreen.storyboard */; };
		CA5ABFE622E09ADF00880644 /* GameScene.sks in Resources */ = {isa = PBXBuildFile; fileRef = CA5ABFE522E09ADF00880644 /* GameScene.sks */; };
		CAF5920722E33F2300CBFA4D /* bg.wav in Resources */ = {isa = PBXBuildFile; fileRef = CAF5920622E33F2300CBFA4D /* bg.wav */; };
		CAF5920922E3539000CBFA4D /* RollPopup.swift in Sources */ = {isa = PBXBuildFile; fileRef = CAF5920822E3539000CBFA4D /* RollPopup.swift */; };
		CAF5920B22E353CF00CBFA4D /* PopupButtonHandlerDelegate.swift in Sources */ = {isa = PBXBuildFile; fileRef = CAF5920A22E353CF00CBFA4D /* PopupButtonHandlerDelegate.swift */; };
/* End PBXBuildFile section */

/* Begin PBXFileReference section */
		CA1BD8F522E17DBF00896730 /* Multicolore.otf */ = {isa = PBXFileReference; lastKnownFileType = file; path = Multicolore.otf; sourceTree = "<group>"; };
		CA1BD8F622E17DBF00896730 /* Multicolore-Vector-Font.txt */ = {isa = PBXFileReference; fileEncoding = 4; lastKnownFileType = text; path = "Multicolore-Vector-Font.txt"; sourceTree = "<group>"; };
		CA1BD8F922E1817600896730 /* collectionRoll.swift */ = {isa = PBXFileReference; lastKnownFileType = sourcecode.swift; path = collectionRoll.swift; sourceTree = "<group>"; };
		CA41F6D522E2D08E0045811D /* GameConstants.swift */ = {isa = PBXFileReference; lastKnownFileType = sourcecode.swift; path = GameConstants.swift; sourceTree = "<group>"; };
		CA41F6D822E2D11B0045811D /* SpriteKitButton.swift */ = {isa = PBXFileReference; lastKnownFileType = sourcecode.swift; path = SpriteKitButton.swift; sourceTree = "<group>"; };
		CA41F6DB22E2D2C10045811D /* SceneManagerDelegate.swift */ = {isa = PBXFileReference; lastKnownFileType = sourcecode.swift; path = SceneManagerDelegate.swift; sourceTree = "<group>"; };
		CA41F6E022E2D4BF0045811D /* OpeningClass.swift */ = {isa = PBXFileReference; lastKnownFileType = sourcecode.swift; path = OpeningClass.swift; sourceTree = "<group>"; };
		CA41F6E322E2F5380045811D /* SKNode+Extensions.swift */ = {isa = PBXFileReference; lastKnownFileType = sourcecode.swift; path = "SKNode+Extensions.swift"; sourceTree = "<group>"; };
		CA5ABFCA22E08FA900880644 /* Ma-In.app */ = {isa = PBXFileReference; explicitFileType = wrapper.application; includeInIndex = 0; path = "Ma-In.app"; sourceTree = BUILT_PRODUCTS_DIR; };
		CA5ABFCD22E08FA900880644 /* AppDelegate.swift */ = {isa = PBXFileReference; lastKnownFileType = sourcecode.swift; path = AppDelegate.swift; sourceTree = "<group>"; };
		CA5ABFD322E08FA900880644 /* GameScene.swift */ = {isa = PBXFileReference; lastKnownFileType = sourcecode.swift; path = GameScene.swift; sourceTree = "<group>"; };
		CA5ABFD522E08FA900880644 /* GameViewController.swift */ = {isa = PBXFileReference; lastKnownFileType = sourcecode.swift; path = GameViewController.swift; sourceTree = "<group>"; };
		CA5ABFD822E08FA900880644 /* Base */ = {isa = PBXFileReference; lastKnownFileType = file.storyboard; name = Base; path = Base.lproj/Main.storyboard; sourceTree = "<group>"; };
		CA5ABFDA22E08FAA00880644 /* Assets.xcassets */ = {isa = PBXFileReference; lastKnownFileType = folder.assetcatalog; path = Assets.xcassets; sourceTree = "<group>"; };
		CA5ABFDD22E08FAA00880644 /* Base */ = {isa = PBXFileReference; lastKnownFileType = file.storyboard; name = Base; path = Base.lproj/LaunchScreen.storyboard; sourceTree = "<group>"; };
		CA5ABFDF22E08FAA00880644 /* Info.plist */ = {isa = PBXFileReference; lastKnownFileType = text.plist.xml; path = Info.plist; sourceTree = "<group>"; };
		CA5ABFE522E09ADF00880644 /* GameScene.sks */ = {isa = PBXFileReference; lastKnownFileType = file.sks; path = GameScene.sks; sourceTree = "<group>"; };
		CAF5920622E33F2300CBFA4D /* bg.wav */ = {isa = PBXFileReference; lastKnownFileType = audio.wav; path = bg.wav; sourceTree = "<group>"; };
		CAF5920822E3539000CBFA4D /* RollPopup.swift */ = {isa = PBXFileReference; lastKnownFileType = sourcecode.swift; path = RollPopup.swift; sourceTree = "<group>"; };
		CAF5920A22E353CF00CBFA4D /* PopupButtonHandlerDelegate.swift */ = {isa = PBXFileReference; lastKnownFileType = sourcecode.swift; path = PopupButtonHandlerDelegate.swift; sourceTree = "<group>"; };
/* End PBXFileReference section */

/* Begin PBXFrameworksBuildPhase section */
		CA5ABFC722E08FA900880644 /* Frameworks */ = {
			isa = PBXFrameworksBuildPhase;
			buildActionMask = 2147483647;
			files = (
			);
			runOnlyForDeploymentPostprocessing = 0;
		};
/* End PBXFrameworksBuildPhase section */

/* Begin PBXGroup section */
		CA1BD8F422E17DBF00896730 /* Fonts */ = {
			isa = PBXGroup;
			children = (
				CA1BD8F522E17DBF00896730 /* Multicolore.otf */,
				CA1BD8F622E17DBF00896730 /* Multicolore-Vector-Font.txt */,
			);
			name = Fonts;
			path = ../../../Downloads/Fonts;
			sourceTree = "<group>";
		};
		CA41F6D422E2D06C0045811D /* Template */ = {
			isa = PBXGroup;
			children = (
				CA41F6D522E2D08E0045811D /* GameConstants.swift */,
			);
			path = Template;
			sourceTree = "<group>";
		};
		CA41F6D722E2D1070045811D /* Button */ = {
			isa = PBXGroup;
			children = (
				CA41F6D822E2D11B0045811D /* SpriteKitButton.swift */,
			);
			path = Button;
			sourceTree = "<group>";
		};
		CA41F6DA22E2D2A90045811D /* Protocols */ = {
			isa = PBXGroup;
			children = (
				CA41F6DB22E2D2C10045811D /* SceneManagerDelegate.swift */,
				CAF5920A22E353CF00CBFA4D /* PopupButtonHandlerDelegate.swift */,
			);
			path = Protocols;
			sourceTree = "<group>";
		};
		CA41F6DF22E2D4A50045811D /* Playing */ = {
			isa = PBXGroup;
			children = (
				CA41F6E022E2D4BF0045811D /* OpeningClass.swift */,
				CAF5920822E3539000CBFA4D /* RollPopup.swift */,
			);
			path = Playing;
			sourceTree = "<group>";
		};
		CA41F6E222E2F5010045811D /* Extensions */ = {
			isa = PBXGroup;
			children = (
				CA41F6E322E2F5380045811D /* SKNode+Extensions.swift */,
			);
			path = Extensions;
			sourceTree = "<group>";
		};
		CA5ABFC122E08FA900880644 = {
			isa = PBXGroup;
			children = (
				CA5ABFCC22E08FA900880644 /* Ma-In */,
				CA5ABFCB22E08FA900880644 /* Products */,
			);
			sourceTree = "<group>";
		};
		CA5ABFCB22E08FA900880644 /* Products */ = {
			isa = PBXGroup;
			children = (
				CA5ABFCA22E08FA900880644 /* Ma-In.app */,
			);
			name = Products;
			sourceTree = "<group>";
		};
		CA5ABFCC22E08FA900880644 /* Ma-In */ = {
			isa = PBXGroup;
			children = (
				CAF5920522E33E4C00CBFA4D /* Sound */,
				CA41F6E222E2F5010045811D /* Extensions */,
				CA41F6DF22E2D4A50045811D /* Playing */,
				CA41F6DA22E2D2A90045811D /* Protocols */,
				CA41F6D722E2D1070045811D /* Button */,
				CA41F6D422E2D06C0045811D /* Template */,
				CA1BD8F422E17DBF00896730 /* Fonts */,
				CA5ABFCD22E08FA900880644 /* AppDelegate.swift */,
				CA5ABFE522E09ADF00880644 /* GameScene.sks */,
				CA5ABFD322E08FA900880644 /* GameScene.swift */,
				CA5ABFD522E08FA900880644 /* GameViewController.swift */,
				CA5ABFD722E08FA900880644 /* Main.storyboard */,
				CA5ABFDA22E08FAA00880644 /* Assets.xcassets */,
				CA5ABFDC22E08FAA00880644 /* LaunchScreen.storyboard */,
				CA5ABFDF22E08FAA00880644 /* Info.plist */,
				CA1BD8F922E1817600896730 /* collectionRoll.swift */,
			);
			path = "Ma-In";
			sourceTree = "<group>";
		};
		CAF5920522E33E4C00CBFA4D /* Sound */ = {
			isa = PBXGroup;
			children = (
				CAF5920622E33F2300CBFA4D /* bg.wav */,
			);
			path = Sound;
			sourceTree = "<group>";
		};
/* End PBXGroup section */

/* Begin PBXNativeTarget section */
		CA5ABFC922E08FA900880644 /* Ma-In */ = {
			isa = PBXNativeTarget;
			buildConfigurationList = CA5ABFE222E08FAB00880644 /* Build configuration list for PBXNativeTarget "Ma-In" */;
			buildPhases = (
				CA5ABFC622E08FA900880644 /* Sources */,
				CA5ABFC722E08FA900880644 /* Frameworks */,
				CA5ABFC822E08FA900880644 /* Resources */,
			);
			buildRules = (
			);
			dependencies = (
			);
			name = "Ma-In";
			productName = "Ma-In";
			productReference = CA5ABFCA22E08FA900880644 /* Ma-In.app */;
			productType = "com.apple.product-type.application";
		};
/* End PBXNativeTarget section */

/* Begin PBXProject section */
		CA5ABFC222E08FA900880644 /* Project object */ = {
			isa = PBXProject;
			attributes = {
				LastSwiftUpdateCheck = 1020;
				LastUpgradeCheck = 1020;
				ORGANIZATIONNAME = "Galih Asmarandaru";
				TargetAttributes = {
					CA5ABFC922E08FA900880644 = {
						CreatedOnToolsVersion = 10.2.1;
					};
				};
			};
			buildConfigurationList = CA5ABFC522E08FA900880644 /* Build configuration list for PBXProject "Ma-In" */;
			compatibilityVersion = "Xcode 9.3";
			developmentRegion = en;
			hasScannedForEncodings = 0;
			knownRegions = (
				en,
				Base,
			);
			mainGroup = CA5ABFC122E08FA900880644;
			productRefGroup = CA5ABFCB22E08FA900880644 /* Products */;
			projectDirPath = "";
			projectRoot = "";
			targets = (
				CA5ABFC922E08FA900880644 /* Ma-In */,
			);
		};
/* End PBXProject section */

/* Begin PBXResourcesBuildPhase section */
		CA5ABFC822E08FA900880644 /* Resources */ = {
			isa = PBXResourcesBuildPhase;
			buildActionMask = 2147483647;
			files = (
				CA5ABFE622E09ADF00880644 /* GameScene.sks in Resources */,
				CA1BD8F722E17DBF00896730 /* Multicolore.otf in Resources */,
				CAF5920722E33F2300CBFA4D /* bg.wav in Resources */,
				CA1BD8F822E17DBF00896730 /* Multicolore-Vector-Font.txt in Resources */,
				CA5ABFD922E08FA900880644 /* Main.storyboard in Resources */,
				CA5ABFDB22E08FAA00880644 /* Assets.xcassets in Resources */,
				CA5ABFDE22E08FAA00880644 /* LaunchScreen.storyboard in Resources */,
			);
			runOnlyForDeploymentPostprocessing = 0;
		};
/* End PBXResourcesBuildPhase section */

/* Begin PBXSourcesBuildPhase section */
		CA5ABFC622E08FA900880644 /* Sources */ = {
			isa = PBXSourcesBuildPhase;
			buildActionMask = 2147483647;
			files = (
				CA1BD8FA22E1817600896730 /* collectionRoll.swift in Sources */,
				CA41F6D922E2D11B0045811D /* SpriteKitButton.swift in Sources */,
				CAF5920B22E353CF00CBFA4D /* PopupButtonHandlerDelegate.swift in Sources */,
				CA41F6E422E2F5380045811D /* SKNode+Extensions.swift in Sources */,
				CAF5920922E3539000CBFA4D /* RollPopup.swift in Sources */,
				CA41F6D622E2D08E0045811D /* GameConstants.swift in Sources */,
				CA41F6E122E2D4BF0045811D /* OpeningClass.swift in Sources */,
				CA5ABFD422E08FA900880644 /* GameScene.swift in Sources */,
				CA5ABFD622E08FA900880644 /* GameViewController.swift in Sources */,
				CA5ABFCE22E08FA900880644 /* AppDelegate.swift in Sources */,
				CA41F6DC22E2D2C10045811D /* SceneManagerDelegate.swift in Sources */,
			);
			runOnlyForDeploymentPostprocessing = 0;
		};
/* End PBXSourcesBuildPhase section */

/* Begin PBXVariantGroup section */
		CA5ABFD722E08FA900880644 /* Main.storyboard */ = {
			isa = PBXVariantGroup;
			children = (
				CA5ABFD822E08FA900880644 /* Base */,
			);
			name = Main.storyboard;
			sourceTree = "<group>";
		};
		CA5ABFDC22E08FAA00880644 /* LaunchScreen.storyboard */ = {
			isa = PBXVariantGroup;
			children = (
				CA5ABFDD22E08FAA00880644 /* Base */,
			);
			name = LaunchScreen.storyboard;
			sourceTree = "<group>";
		};
/* End PBXVariantGroup section */

/* Begin XCBuildConfiguration section */
		CA5ABFE022E08FAB00880644 /* Debug */ = {
			isa = XCBuildConfiguration;
			buildSettings = {
				ALWAYS_SEARCH_USER_PATHS = NO;
				CLANG_ANALYZER_NONNULL = YES;
				CLANG_ANALYZER_NUMBER_OBJECT_CONVERSION = YES_AGGRESSIVE;
				CLANG_CXX_LANGUAGE_STANDARD = "gnu++14";
				CLANG_CXX_LIBRARY = "libc++";
				CLANG_ENABLE_MODULES = YES;
				CLANG_ENABLE_OBJC_ARC = YES;
				CLANG_ENABLE_OBJC_WEAK = YES;
				CLANG_WARN_BLOCK_CAPTURE_AUTORELEASING = YES;
				CLANG_WARN_BOOL_CONVERSION = YES;
				CLANG_WARN_COMMA = YES;
				CLANG_WARN_CONSTANT_CONVERSION = YES;
				CLANG_WARN_DEPRECATED_OBJC_IMPLEMENTATIONS = YES;
				CLANG_WARN_DIRECT_OBJC_ISA_USAGE = YES_ERROR;
				CLANG_WARN_DOCUMENTATION_COMMENTS = YES;
				CLANG_WARN_EMPTY_BODY = YES;
				CLANG_WARN_ENUM_CONVERSION = YES;
				CLANG_WARN_INFINITE_RECURSION = YES;
				CLANG_WARN_INT_CONVERSION = YES;
				CLANG_WARN_NON_LITERAL_NULL_CONVERSION = YES;
				CLANG_WARN_OBJC_IMPLICIT_RETAIN_SELF = YES;
				CLANG_WARN_OBJC_LITERAL_CONVERSION = YES;
				CLANG_WARN_OBJC_ROOT_CLASS = YES_ERROR;
				CLANG_WARN_RANGE_LOOP_ANALYSIS = YES;
				CLANG_WARN_STRICT_PROTOTYPES = YES;
				CLANG_WARN_SUSPICIOUS_MOVE = YES;
				CLANG_WARN_UNGUARDED_AVAILABILITY = YES_AGGRESSIVE;
				CLANG_WARN_UNREACHABLE_CODE = YES;
				CLANG_WARN__DUPLICATE_METHOD_MATCH = YES;
				CODE_SIGN_IDENTITY = "iPhone Developer";
				COPY_PHASE_STRIP = NO;
				DEBUG_INFORMATION_FORMAT = dwarf;
				ENABLE_STRICT_OBJC_MSGSEND = YES;
				ENABLE_TESTABILITY = YES;
				GCC_C_LANGUAGE_STANDARD = gnu11;
				GCC_DYNAMIC_NO_PIC = NO;
				GCC_NO_COMMON_BLOCKS = YES;
				GCC_OPTIMIZATION_LEVEL = 0;
				GCC_PREPROCESSOR_DEFINITIONS = (
					"DEBUG=1",
					"$(inherited)",
				);
				GCC_WARN_64_TO_32_BIT_CONVERSION = YES;
				GCC_WARN_ABOUT_RETURN_TYPE = YES_ERROR;
				GCC_WARN_UNDECLARED_SELECTOR = YES;
				GCC_WARN_UNINITIALIZED_AUTOS = YES_AGGRESSIVE;
				GCC_WARN_UNUSED_FUNCTION = YES;
				GCC_WARN_UNUSED_VARIABLE = YES;
				IPHONEOS_DEPLOYMENT_TARGET = 12.2;
				MTL_ENABLE_DEBUG_INFO = INCLUDE_SOURCE;
				MTL_FAST_MATH = YES;
				ONLY_ACTIVE_ARCH = YES;
				SDKROOT = iphoneos;
				SWIFT_ACTIVE_COMPILATION_CONDITIONS = DEBUG;
				SWIFT_OPTIMIZATION_LEVEL = "-Onone";
			};
			name = Debug;
		};
		CA5ABFE122E08FAB00880644 /* Release */ = {
			isa = XCBuildConfiguration;
			buildSettings = {
				ALWAYS_SEARCH_USER_PATHS = NO;
				CLANG_ANALYZER_NONNULL = YES;
				CLANG_ANALYZER_NUMBER_OBJECT_CONVERSION = YES_AGGRESSIVE;
				CLANG_CXX_LANGUAGE_STANDARD = "gnu++14";
				CLANG_CXX_LIBRARY = "libc++";
				CLANG_ENABLE_MODULES = YES;
				CLANG_ENABLE_OBJC_ARC = YES;
				CLANG_ENABLE_OBJC_WEAK = YES;
				CLANG_WARN_BLOCK_CAPTURE_AUTORELEASING = YES;
				CLANG_WARN_BOOL_CONVERSION = YES;
				CLANG_WARN_COMMA = YES;
				CLANG_WARN_CONSTANT_CONVERSION = YES;
				CLANG_WARN_DEPRECATED_OBJC_IMPLEMENTATIONS = YES;
				CLANG_WARN_DIRECT_OBJC_ISA_USAGE = YES_ERROR;
				CLANG_WARN_DOCUMENTATION_COMMENTS = YES;
				CLANG_WARN_EMPTY_BODY = YES;
				CLANG_WARN_ENUM_CONVERSION = YES;
				CLANG_WARN_INFINITE_RECURSION = YES;
				CLANG_WARN_INT_CONVERSION = YES;
				CLANG_WARN_NON_LITERAL_NULL_CONVERSION = YES;
				CLANG_WARN_OBJC_IMPLICIT_RETAIN_SELF = YES;
				CLANG_WARN_OBJC_LITERAL_CONVERSION = YES;
				CLANG_WARN_OBJC_ROOT_CLASS = YES_ERROR;
				CLANG_WARN_RANGE_LOOP_ANALYSIS = YES;
				CLANG_WARN_STRICT_PROTOTYPES = YES;
				CLANG_WARN_SUSPICIOUS_MOVE = YES;
				CLANG_WARN_UNGUARDED_AVAILABILITY = YES_AGGRESSIVE;
				CLANG_WARN_UNREACHABLE_CODE = YES;
				CLANG_WARN__DUPLICATE_METHOD_MATCH = YES;
				CODE_SIGN_IDENTITY = "iPhone Developer";
				COPY_PHASE_STRIP = NO;
				DEBUG_INFORMATION_FORMAT = "dwarf-with-dsym";
				ENABLE_NS_ASSERTIONS = NO;
				ENABLE_STRICT_OBJC_MSGSEND = YES;
				GCC_C_LANGUAGE_STANDARD = gnu11;
				GCC_NO_COMMON_BLOCKS = YES;
				GCC_WARN_64_TO_32_BIT_CONVERSION = YES;
				GCC_WARN_ABOUT_RETURN_TYPE = YES_ERROR;
				GCC_WARN_UNDECLARED_SELECTOR = YES;
				GCC_WARN_UNINITIALIZED_AUTOS = YES_AGGRESSIVE;
				GCC_WARN_UNUSED_FUNCTION = YES;
				GCC_WARN_UNUSED_VARIABLE = YES;
				IPHONEOS_DEPLOYMENT_TARGET = 12.2;
				MTL_ENABLE_DEBUG_INFO = NO;
				MTL_FAST_MATH = YES;
				SDKROOT = iphoneos;
				SWIFT_COMPILATION_MODE = wholemodule;
				SWIFT_OPTIMIZATION_LEVEL = "-O";
				VALIDATE_PRODUCT = YES;
			};
			name = Release;
		};
		CA5ABFE322E08FAB00880644 /* Debug */ = {
			isa = XCBuildConfiguration;
			buildSettings = {
				ASSETCATALOG_COMPILER_APPICON_NAME = AppIcon;
				CODE_SIGN_STYLE = Automatic;
				DEVELOPMENT_TEAM = SJAF5B347D;
				INFOPLIST_FILE = "Ma-In/Info.plist";
				LD_RUNPATH_SEARCH_PATHS = (
					"$(inherited)",
					"@executable_path/Frameworks",
				);
				PRODUCT_BUNDLE_IDENTIFIER = "com.Galih-A.Ma-In";
				PRODUCT_NAME = "$(TARGET_NAME)";
				SWIFT_VERSION = 5.0;
				TARGETED_DEVICE_FAMILY = "1,2";
			};
			name = Debug;
		};
		CA5ABFE422E08FAB00880644 /* Release */ = {
			isa = XCBuildConfiguration;
			buildSettings = {
				ASSETCATALOG_COMPILER_APPICON_NAME = AppIcon;
				CODE_SIGN_STYLE = Automatic;
				DEVELOPMENT_TEAM = SJAF5B347D;
				INFOPLIST_FILE = "Ma-In/Info.plist";
				LD_RUNPATH_SEARCH_PATHS = (
					"$(inherited)",
					"@executable_path/Frameworks",
				);
				PRODUCT_BUNDLE_IDENTIFIER = "com.Galih-A.Ma-In";
				PRODUCT_NAME = "$(TARGET_NAME)";
				SWIFT_VERSION = 5.0;
				TARGETED_DEVICE_FAMILY = "1,2";
			};
			name = Release;
		};
/* End XCBuildConfiguration section */

/* Begin XCConfigurationList section */
		CA5ABFC522E08FA900880644 /* Build configuration list for PBXProject "Ma-In" */ = {
			isa = XCConfigurationList;
			buildConfigurations = (
				CA5ABFE022E08FAB00880644 /* Debug */,
				CA5ABFE122E08FAB00880644 /* Release */,
			);
			defaultConfigurationIsVisible = 0;
			defaultConfigurationName = Release;
		};
		CA5ABFE222E08FAB00880644 /* Build configuration list for PBXNativeTarget "Ma-In" */ = {
			isa = XCConfigurationList;
			buildConfigurations = (
				CA5ABFE322E08FAB00880644 /* Debug */,
				CA5ABFE422E08FAB00880644 /* Release */,
			);
			defaultConfigurationIsVisible = 0;
			defaultConfigurationName = Release;
		};
/* End XCConfigurationList section */
	};
	rootObject = CA5ABFC222E08FA900880644 /* Project object */;
}
